
Microsoft Visual Studio Solution File, Format Version 12.00
# Visual Studio Version 16
VisualStudioVersion = 16.0.29326.143
MinimumVisualStudioVersion = 10.0.40219.1
Project("{FAE04EC0-301F-11D3-BF4B-00C04F79EFBC}") = "Blog.Api", "Blog.Api\Blog.Api.csproj", "{8EA644A1-8E1C-4D04-9A89-F8430266703C}"
EndProject
Global
	GlobalSection(SolutionConfigurationPlatforms) = preSolution
		Debug|Any CPU = Debug|Any CPU
		Release|Any CPU = Release|Any CPU
	EndGlobalSection
	GlobalSection(ProjectConfigurationPlatforms) = postSolution
		{8EA644A1-8E1C-4D04-9A89-F8430266703C}.Debug|Any CPU.ActiveCfg = Debug|Any CPU
		{8EA644A1-8E1C-4D04-9A89-F8430266703C}.Debug|Any CPU.Build.0 = Debug|Any CPU
		{8EA644A1-8E1C-4D04-9A89-F8430266703C}.Release|Any CPU.ActiveCfg = Release|Any CPU
		{8EA644A1-8E1C-4D04-9A89-F8430266703C}.Release|Any CPU.Build.0 = Release|Any CPU
	EndGlobalSection
	GlobalSection(SolutionProperties) = preSolution
		HideSolutionNode = FALSE
	EndGlobalSection
	GlobalSection(ExtensibilityGlobals) = postSolution
		SolutionGuid = {579447A0-0633-47D5-8F19-0190DFC0EB9E}
	EndGlobalSection
EndGlobal
